# This file is autogenerated, do not edit; changes may be undone by the next 'dep ensure'.


[[projects]]
  digest = "1:f8b7b6996d80952a53e6ac06c88eb10f62c866d8262a9d8468ac4aeec1f33278"
  name = "github.com/googollee/go-engine.io"
  packages = [
    ".",
    "message",
    "parser",
    "polling",
    "transport",
    "websocket",
  ]
  pruneopts = "UT"
  revision = "80ae0e43aca17b4c5a6834999d0f2eaa16b9afda"

[[projects]]
  digest = "1:dba82ee52a3f0ae3dc60df22bb60473efea8f2e90e4aaf82d5b83918778edca9"
  name = "github.com/googollee/go-socket.io"
  packages = ["."]
  pruneopts = "UT"
  revision = "5447e71f36d394766bf855d5714a487596809f0d"

[[projects]]
  digest = "1:f42beb8cbc61b8824d4c75233c21f312decf860d61c383c08d38a648bcd9d67b"
  name = "github.com/gorilla/websocket"
  packages = ["."]
  pruneopts = "UT"
  revision = "a69d9f6de432e2c6b296a947d8a5ee88f68522cf"

[[projects]]
  digest = "1:ecd9aa82687cf31d1585d4ac61d0ba180e42e8a6182b85bd785fcca8dfeefc1b"
  name = "github.com/joho/godotenv"
  packages = ["."]
  pruneopts = "UT"
  revision = "23d116af351c84513e1946b527c88823e476be13"
  version = "v1.3.0"

[[projects]]
  digest = "1:5052389c6c809eeced44ec24ff9958bfea70b9859b7a25061c6fd9086c8f8989"
  name = "gopkg.in/mgo.v2"
  packages = [
    ".",
    "bson",
    "internal/json",
    "internal/sasl",
    "internal/scram",
  ]
  pruneopts = "UT"
  revision = "3f83fa5005286a7fe593b055f0d7771a7dce4655"

[solve-meta]
  analyzer-name = "dep"
  analyzer-version = 1
  input-imports = [
    "github.com/googollee/go-socket.io",
    "github.com/joho/godotenv",
    "gopkg.in/mgo.v2",
    "gopkg.in/mgo.v2/bson",
  ]
  solver-name = "gps-cdcl"
  solver-version = 1
